
Microsoft Visual Studio Solution File, Format Version 12.00
# Visual Studio Version 16
VisualStudioVersion = 16.0.30128.74
MinimumVisualStudioVersion = 10.0.40219.1
Project("{FAE04EC0-301F-11D3-BF4B-00C04F79EFBC}") = "Core01_Api", "Core01_Api\Core01_Api.csproj", "{C3ADEC21-7B2F-412F-8B53-6A8C51FC5DC2}"
EndProject
Project("{FAE04EC0-301F-11D3-BF4B-00C04F79EFBC}") = "Core00_Data", "Core00_Data\Core00_Data.csproj", "{4C9340AF-A4DE-4D81-94FC-836D93D9ACB3}"
EndProject
Global
	GlobalSection(SolutionConfigurationPlatforms) = preSolution
		Debug|Any CPU = Debug|Any CPU
		Release|Any CPU = Release|Any CPU
	EndGlobalSection
	GlobalSection(ProjectConfigurationPlatforms) = postSolution
		{C3ADEC21-7B2F-412F-8B53-6A8C51FC5DC2}.Debug|Any CPU.ActiveCfg = Debug|Any CPU
		{C3ADEC21-7B2F-412F-8B53-6A8C51FC5DC2}.Debug|Any CPU.Build.0 = Debug|Any CPU
		{C3ADEC21-7B2F-412F-8B53-6A8C51FC5DC2}.Release|Any CPU.ActiveCfg = Release|Any CPU
		{C3ADEC21-7B2F-412F-8B53-6A8C51FC5DC2}.Release|Any CPU.Build.0 = Release|Any CPU
		{4C9340AF-A4DE-4D81-94FC-836D93D9ACB3}.Debug|Any CPU.ActiveCfg = Debug|Any CPU
		{4C9340AF-A4DE-4D81-94FC-836D93D9ACB3}.Debug|Any CPU.Build.0 = Debug|Any CPU
		{4C9340AF-A4DE-4D81-94FC-836D93D9ACB3}.Release|Any CPU.ActiveCfg = Release|Any CPU
		{4C9340AF-A4DE-4D81-94FC-836D93D9ACB3}.Release|Any CPU.Build.0 = Release|Any CPU
	EndGlobalSection
	GlobalSection(SolutionProperties) = preSolution
		HideSolutionNode = FALSE
	EndGlobalSection
	GlobalSection(ExtensibilityGlobals) = postSolution
		SolutionGuid = {234A7EB6-830E-4FFD-831B-4731871CBB9A}
	EndGlobalSection
EndGlobal
